// !$*UTF8*$!
{
  archiveVersion = 1;
  classes = {
  };
  objectVersion = 56;
  objects = {

    /* Begin PBXBuildFile section */
    ED21BC035F67A849 /* FitnessTrackerApp.swift in Sources */ = {isa = PBXBuildFile; fileRef = 135A2D9B60C7FE84; };
    06354CDFA1E892B7 /* Workout.swift in Sources */ = {isa = PBXBuildFile; fileRef = A9852130476EFDBC; };
    96F75A843B210ECD /* FitnessStore.swift in Sources */ = {isa = PBXBuildFile; fileRef = B6219F5DA40C783E; };
    86130ACB4EF2957D /* UserProfile.swift in Sources */ = {isa = PBXBuildFile; fileRef = 01BF2736C49E85AD; };
    3D72901C84BFEA56 /* DashboardView.swift in Sources */ = {isa = PBXBuildFile; fileRef = F6039DABC158247E; };
    42AD956E18F37C0B /* WorkoutListView.swift in Sources */ = {isa = PBXBuildFile; fileRef = A13789B0DE42F5C6; };
    027F38B6DE549C1A /* Info.plist in Sources */ = {isa = PBXBuildFile; fileRef = CBE04873D96125AF; };
    7B0AD1C583E26F49 /* FitnessTrackerTests.swift in Sources */ = {isa = PBXBuildFile; fileRef = 2D1938465FBEA0C7; };
    01E9A8B24356F7CD /* FitnessTrackerUITests.swift in Sources */ = {isa = PBXBuildFile; fileRef = D0678C14EFAB3529; };
    05D79C6B123E84FA /* SwiftUI.framework in Frameworks */ = {isa = PBXBuildFile; fileRef = 501E2A9F38674BCD; };
    /* End PBXBuildFile section */

    /* Begin PBXFileReference section */
    2ED5F910A4B78C36 /* FitnessTracker.app */ = {isa = PBXFileReference; explicitFileType = wrapper.application; includeInIndex = 0; path = "FitnessTracker.app"; sourceTree = BUILT_PRODUCTS_DIR; };
    135A2D9B60C7FE84 /* FitnessTrackerApp.swift */ = {isa = PBXFileReference; lastKnownFileType = sourcecode.swift; path = "FitnessTrackerApp.swift"; sourceTree = "<group>"; };
    A9852130476EFDBC /* Workout.swift */ = {isa = PBXFileReference; lastKnownFileType = sourcecode.swift; path = "Workout.swift"; sourceTree = "<group>"; };
    B6219F5DA40C783E /* FitnessStore.swift */ = {isa = PBXFileReference; lastKnownFileType = sourcecode.swift; path = "FitnessStore.swift"; sourceTree = "<group>"; };
    01BF2736C49E85AD /* UserProfile.swift */ = {isa = PBXFileReference; lastKnownFileType = sourcecode.swift; path = "UserProfile.swift"; sourceTree = "<group>"; };
    F6039DABC158247E /* DashboardView.swift */ = {isa = PBXFileReference; lastKnownFileType = sourcecode.swift; path = "DashboardView.swift"; sourceTree = "<group>"; };
    A13789B0DE42F5C6 /* WorkoutListView.swift */ = {isa = PBXFileReference; lastKnownFileType = sourcecode.swift; path = "WorkoutListView.swift"; sourceTree = "<group>"; };
    CBE04873D96125AF /* Info.plist */ = {isa = PBXFileReference; lastKnownFileType = text.plist.xml; path = "Info.plist"; sourceTree = "<group>"; };
    2D1938465FBEA0C7 /* FitnessTrackerTests.swift */ = {isa = PBXFileReference; lastKnownFileType = sourcecode.swift; path = "FitnessTrackerTests.swift"; sourceTree = "<group>"; };
    D0678C14EFAB3529 /* FitnessTrackerUITests.swift */ = {isa = PBXFileReference; lastKnownFileType = sourcecode.swift; path = "FitnessTrackerUITests.swift"; sourceTree = "<group>"; };
    2E35D148F069B7AC /* FitnessTrackerTests.xctest */ = {isa = PBXFileReference; explicitFileType = wrapper.cfbundle; includeInIndex = 0; path = "FitnessTrackerTests.xctest"; sourceTree = BUILT_PRODUCTS_DIR; };
    B90A26D7FC38154E /* FitnessTrackerUITests.xctest */ = {isa = PBXFileReference; explicitFileType = wrapper.cfbundle; includeInIndex = 0; path = "FitnessTrackerUITests.xctest"; sourceTree = BUILT_PRODUCTS_DIR; };
    501E2A9F38674BCD /* SwiftUI.framework */ = {isa = PBXFileReference; lastKnownFileType = wrapper.framework; name = SwiftUI.framework; path = System/Library/Frameworks/SwiftUI.framework; sourceTree = SDKROOT; };
    /* End PBXFileReference section */

    /* Begin PBXFrameworksBuildPhase section */
    46051B38CEAD2F79 /* Frameworks */ = {
      isa = PBXFrameworksBuildPhase;
      buildActionMask = 2147483647;
      files = (
        05D79C6B123E84FA /* SwiftUI.framework in Frameworks */
      );
      runOnlyForDeploymentPostprocessing = 0;
    };
    87ED245ACB0F3916 /* Frameworks */ = {
      isa = PBXFrameworksBuildPhase;
      buildActionMask = 2147483647;
      files = (
      );
      runOnlyForDeploymentPostprocessing = 0;
    };
    03D81E92A46BFC57 /* Frameworks */ = {
      isa = PBXFrameworksBuildPhase;
      buildActionMask = 2147483647;
      files = (
      );
      runOnlyForDeploymentPostprocessing = 0;
    };
    /* End PBXFrameworksBuildPhase section */

    /* Begin PBXGroup section */
    0A19FB5DEC862734 /* Main Group */ = {
      isa = PBXGroup;
      children = (
        091FB23D456A78EC /* FitnessTracker */,
        64CB3875F21EA90D /* FitnessTrackerTests */,
        D01B2EFA9435C786 /* FitnessTrackerUITests */,
        16A59CD3F28704BE /* Products */
      );
      sourceTree = "<group>";
    };
    091FB23D456A78EC /* FitnessTracker */ = {
      isa = PBXGroup;
      children = (
        135A2D9B60C7FE84,
        A9852130476EFDBC,
        B6219F5DA40C783E,
        01BF2736C49E85AD,
        F6039DABC158247E,
        A13789B0DE42F5C6,
        CBE04873D96125AF
      );
      path = "FitnessTracker";
      sourceTree = "<group>";
    };
    
    64CB3875F21EA90D /* FitnessTrackerTests */ = {
      isa = PBXGroup;
      children = (
        2D1938465FBEA0C7 /* FitnessTrackerTests.swift */
      );
      path = "FitnessTrackerTests";
      sourceTree = "<group>";
    };
    D01B2EFA9435C786 /* FitnessTrackerUITests */ = {
      isa = PBXGroup;
      children = (
        D0678C14EFAB3529 /* FitnessTrackerUITests.swift */
      );
      path = "FitnessTrackerUITests";
      sourceTree = "<group>";
    };
    16A59CD3F28704BE /* Products */ = {
      isa = PBXGroup;
      children = (
        2ED5F910A4B78C36 /* FitnessTracker.app */,
        2E35D148F069B7AC /* FitnessTrackerTests.xctest */,
        B90A26D7FC38154E /* FitnessTrackerUITests.xctest */
      );
      name = Products;
      sourceTree = "<group>";
    };
    /* End PBXGroup section */

    /* Begin PBXNativeTarget section */
    C4087E9DF2315B6A /* FitnessTracker */ = {
      isa = PBXNativeTarget;
      buildConfigurationList = 584F72BD1C39E06A /* Build configuration list for PBXNativeTarget "FitnessTracker" */;
      buildPhases = (
        4EDB7FA83921C056 /* Sources */,
        46051B38CEAD2F79 /* Frameworks */
      );
      buildRules = (
      );
      dependencies = (
      );
      name = "FitnessTracker";
      productName = "FitnessTracker";
      productReference = 2ED5F910A4B78C36 /* FitnessTracker.app */;
      productType = "com.apple.product-type.application";
    };
    159C8EAD23B4F076 /* FitnessTrackerTests */ = {
      isa = PBXNativeTarget;
      buildConfigurationList = 695237D48B1AFE0C /* Build configuration list for PBXNativeTarget "FitnessTrackerTests" */;
      buildPhases = (
        56D7049EC3A18FB2 /* Sources */,
        87ED245ACB0F3916 /* Frameworks */
      );
      buildRules = (
      );
      dependencies = (
        29E7A6B103F8CD54 /* PBXTargetDependency */
      );
      name = "FitnessTrackerTests";
      productName = "FitnessTrackerTests";
      productReference = 2E35D148F069B7AC /* FitnessTrackerTests.xctest */;
      productType = "com.apple.product-type.bundle.unit-test";
    };
    A9B7C2FD835614E0 /* FitnessTrackerUITests */ = {
      isa = PBXNativeTarget;
      buildConfigurationList = D90B7AC5F146E283 /* Build configuration list for PBXNativeTarget "FitnessTrackerUITests" */;
      buildPhases = (
        31F7A2CD904B5E86 /* Sources */,
        03D81E92A46BFC57 /* Frameworks */
      );
      buildRules = (
      );
      dependencies = (
        241603DC789EA5BF /* PBXTargetDependency */
      );
      name = "FitnessTrackerUITests";
      productName = "FitnessTrackerUITests";
      productReference = B90A26D7FC38154E /* FitnessTrackerUITests.xctest */;
      productType = "com.apple.product-type.bundle.ui-testing";
    };
    /* End PBXNativeTarget section */

    /* Begin PBXProject section */
    3271F6A8D0C9BE54 /* Project object */ = {
      isa = PBXProject;
      attributes = {
        LastSwiftUpdateCheck = 1500;
        LastUpgradeCheck = 1500;
        TargetAttributes = {
          C4087E9DF2315B6A = {
            CreatedOnToolsVersion = 15.0;
          };
          159C8EAD23B4F076 = {
            CreatedOnToolsVersion = 15.0;
            TestTargetID = C4087E9DF2315B6A;
          };
          A9B7C2FD835614E0 = {
            CreatedOnToolsVersion = 15.0;
            TestTargetID = C4087E9DF2315B6A;
          };
        };
      };
      buildConfigurationList = 75A204C3B6F918DE /* Build configuration list for PBXProject "FitnessTracker" */;
      compatibilityVersion = "Xcode 14.0";
      developmentRegion = en;
      hasScannedForEncodings = 0;
      knownRegions = (
        en,
        Base
      );
      mainGroup = 0A19FB5DEC862734;
      productRefGroup = 16A59CD3F28704BE /* Products */;
      projectDirPath = "";
      projectRoot = "";
      targets = (
        C4087E9DF2315B6A /* FitnessTracker */,
        159C8EAD23B4F076 /* FitnessTrackerTests */,
        A9B7C2FD835614E0 /* FitnessTrackerUITests */
      );
    };
    /* End PBXProject section */

    /* Begin PBXSourcesBuildPhase section */
    4EDB7FA83921C056 /* Sources */ = {
      isa = PBXSourcesBuildPhase;
      buildActionMask = 2147483647;
      files = (
        ED21BC035F67A849,
        06354CDFA1E892B7,
        96F75A843B210ECD,
        86130ACB4EF2957D,
        3D72901C84BFEA56,
        42AD956E18F37C0B,
        027F38B6DE549C1A
      );
      runOnlyForDeploymentPostprocessing = 0;
    };
    56D7049EC3A18FB2 /* Sources */ = {
      isa = PBXSourcesBuildPhase;
      buildActionMask = 2147483647;
      files = (
        7B0AD1C583E26F49 /* FitnessTrackerTests.swift in Sources */
      );
      runOnlyForDeploymentPostprocessing = 0;
    };
    31F7A2CD904B5E86 /* Sources */ = {
      isa = PBXSourcesBuildPhase;
      buildActionMask = 2147483647;
      files = (
        01E9A8B24356F7CD /* FitnessTrackerUITests.swift in Sources */
      );
      runOnlyForDeploymentPostprocessing = 0;
    };
    /* End PBXSourcesBuildPhase section */

    /* Begin PBXContainerItemProxy section */
    29F1456B087EADC3 /* PBXContainerItemProxy */ = {
      isa = PBXContainerItemProxy;
      containerPortal = 3271F6A8D0C9BE54 /* Project object */;
      proxyType = 1;
      remoteGlobalIDString = C4087E9DF2315B6A;
      remoteInfo = "FitnessTracker";
    };
    9AF5C07E21B84D63 /* PBXContainerItemProxy */ = {
      isa = PBXContainerItemProxy;
      containerPortal = 3271F6A8D0C9BE54 /* Project object */;
      proxyType = 1;
      remoteGlobalIDString = C4087E9DF2315B6A;
      remoteInfo = "FitnessTracker";
    };
    /* End PBXContainerItemProxy section */

    /* Begin PBXTargetDependency section */
    29E7A6B103F8CD54 /* PBXTargetDependency */ = {
      isa = PBXTargetDependency;
      target = C4087E9DF2315B6A /* FitnessTracker */;
      targetProxy = 29F1456B087EADC3 /* PBXContainerItemProxy */;
    };
    241603DC789EA5BF /* PBXTargetDependency */ = {
      isa = PBXTargetDependency;
      target = C4087E9DF2315B6A /* FitnessTracker */;
      targetProxy = 9AF5C07E21B84D63 /* PBXContainerItemProxy */;
    };
    /* End PBXTargetDependency section */

    /* Begin XCBuildConfiguration section */
    07189AE6DB5C42F3 /* Debug */ = {
      isa = XCBuildConfiguration;
      buildSettings = {
        ALWAYS_SEARCH_USER_PATHS = NO;
        ASSETCATALOG_COMPILER_APPICON_NAME = AppIcon;
        ASSETCATALOG_COMPILER_GLOBAL_ACCENT_COLOR_NAME = AccentColor;
        CLANG_ANALYZER_NONNULL = YES;
        CLANG_ANALYZER_NUMBER_OBJECT_CONVERSION = YES_AGGRESSIVE;
        CLANG_CXX_LANGUAGE_STANDARD = "gnu++20";
        CLANG_ENABLE_MODULES = YES;
        CLANG_ENABLE_OBJC_ARC = YES;
        CLANG_ENABLE_OBJC_WEAK = YES;
        CODE_SIGN_STYLE = Automatic;
        CURRENT_PROJECT_VERSION = 1;
        DEVELOPMENT_ASSET_PATHS = "";
        DEVELOPMENT_TEAM = "";
        ENABLE_PREVIEWS = YES;
        ENABLE_STRICT_OBJC_MSGSEND = YES;
        ENABLE_TESTABILITY = YES;
        FRAMEWORK_SEARCH_PATHS = (
          "$(inherited)",
          "$(SDKROOT)/System/Library/Frameworks"
        );
        GCC_C_LANGUAGE_STANDARD = gnu11;
        GCC_DYNAMIC_NO_PIC = NO;
        GCC_NO_COMMON_BLOCKS = YES;
        GCC_OPTIMIZATION_LEVEL = 0;
        GCC_PREPROCESSOR_DEFINITIONS = (
          "DEBUG=1",
          "$(inherited)",
        );
        GENERATE_INFOPLIST_FILE = YES;
        INFOPLIST_KEY_UIApplicationSceneManifest_Generation = YES;
        INFOPLIST_KEY_UILaunchScreen_Generation = YES;
        IPHONEOS_DEPLOYMENT_TARGET = 15.0;
        LD_RUNPATH_SEARCH_PATHS = (
          "$(inherited)",
          "@executable_path/Frameworks",
        );
        MARKETING_VERSION = 1.0;
        MTL_ENABLE_DEBUG_INFO = INCLUDE_SOURCE;
        MTL_FAST_MATH = YES;
        ONLY_ACTIVE_ARCH = YES;
        PRODUCT_BUNDLE_IDENTIFIER = "com.example.fitnesstracker";
        PRODUCT_NAME = "$(TARGET_NAME)";
        SDKROOT = iphoneos;
        SUPPORTED_PLATFORMS = "iphoneos iphonesimulator";
        SUPPORTS_MACCATALYST = NO;
        SUPPORTS_MAC_DESIGNED_FOR_IPHONE_IPAD = NO;
        SWIFT_ACTIVE_COMPILATION_CONDITIONS = DEBUG;
        SWIFT_EMIT_LOC_STRINGS = YES;
        SWIFT_OPTIMIZATION_LEVEL = "-Onone";
        SWIFT_VERSION = 5.0;
        TARGETED_DEVICE_FAMILY = "1,2";
      };
      name = Debug;
    };
    4085F2BA9E76D13C /* Release */ = {
      isa = XCBuildConfiguration;
      buildSettings = {
        ALWAYS_SEARCH_USER_PATHS = NO;
        ASSETCATALOG_COMPILER_APPICON_NAME = AppIcon;
        ASSETCATALOG_COMPILER_GLOBAL_ACCENT_COLOR_NAME = AccentColor;
        CLANG_ANALYZER_NONNULL = YES;
        CLANG_ANALYZER_NUMBER_OBJECT_CONVERSION = YES_AGGRESSIVE;
        CLANG_CXX_LANGUAGE_STANDARD = "gnu++20";
        CLANG_ENABLE_MODULES = YES;
        CLANG_ENABLE_OBJC_ARC = YES;
        CLANG_ENABLE_OBJC_WEAK = YES;
        CODE_SIGN_STYLE = Automatic;
        COPY_PHASE_STRIP = NO;
        CURRENT_PROJECT_VERSION = 1;
        DEVELOPMENT_ASSET_PATHS = "";
        DEVELOPMENT_TEAM = "";
        ENABLE_NS_ASSERTIONS = NO;
        ENABLE_PREVIEWS = YES;
        ENABLE_STRICT_OBJC_MSGSEND = YES;
        FRAMEWORK_SEARCH_PATHS = (
          "$(inherited)",
          "$(SDKROOT)/System/Library/Frameworks"
        );
        GCC_C_LANGUAGE_STANDARD = gnu11;
        GCC_NO_COMMON_BLOCKS = YES;
        GENERATE_INFOPLIST_FILE = YES;
        INFOPLIST_KEY_UIApplicationSceneManifest_Generation = YES;
        INFOPLIST_KEY_UILaunchScreen_Generation = YES;
        IPHONEOS_DEPLOYMENT_TARGET = 15.0;
        LD_RUNPATH_SEARCH_PATHS = (
          "$(inherited)",
          "@executable_path/Frameworks",
        );
        MARKETING_VERSION = 1.0;
        MTL_ENABLE_DEBUG_INFO = NO;
        MTL_FAST_MATH = YES;
        PRODUCT_BUNDLE_IDENTIFIER = "com.example.fitnesstracker";
        PRODUCT_NAME = "$(TARGET_NAME)";
        SDKROOT = iphoneos;
        SUPPORTED_PLATFORMS = "iphoneos iphonesimulator";
        SUPPORTS_MACCATALYST = NO;
        SUPPORTS_MAC_DESIGNED_FOR_IPHONE_IPAD = NO;
        SWIFT_COMPILATION_MODE = wholemodule;
        SWIFT_EMIT_LOC_STRINGS = YES;
        SWIFT_OPTIMIZATION_LEVEL = "-O";
        SWIFT_VERSION = 5.0;
        TARGETED_DEVICE_FAMILY = "1,2";
        VALIDATE_PRODUCT = YES;
      };
      name = Release;
    };
    43C2F10BDA8567E9 /* Debug */ = {
      isa = XCBuildConfiguration;
      buildSettings = {
        BUNDLE_LOADER = "$(TEST_HOST)";
        CODE_SIGN_STYLE = Automatic;
        CURRENT_PROJECT_VERSION = 1;
        GENERATE_INFOPLIST_FILE = YES;
        IPHONEOS_DEPLOYMENT_TARGET = 15.0;
        MARKETING_VERSION = 1.0;
        PRODUCT_BUNDLE_IDENTIFIER = "com.example.fitnesstracker.Tests";
        PRODUCT_NAME = "$(TARGET_NAME)";
        SDKROOT = iphoneos;
        SUPPORTED_PLATFORMS = "iphoneos iphonesimulator";
        SUPPORTS_MACCATALYST = NO;
        SUPPORTS_MAC_DESIGNED_FOR_IPHONE_IPAD = NO;
        SWIFT_EMIT_LOC_STRINGS = NO;
        SWIFT_VERSION = 5.0;
        TARGETED_DEVICE_FAMILY = "1,2";
        TEST_HOST = "$(BUILT_PRODUCTS_DIR)/FitnessTracker.app/$(BUNDLE_EXECUTABLE_FOLDER_PATH)/FitnessTracker";
      };
      name = Debug;
    };
    0129EB5C7D3468AF /* Release */ = {
      isa = XCBuildConfiguration;
      buildSettings = {
        BUNDLE_LOADER = "$(TEST_HOST)";
        CODE_SIGN_STYLE = Automatic;
        CURRENT_PROJECT_VERSION = 1;
        GENERATE_INFOPLIST_FILE = YES;
        IPHONEOS_DEPLOYMENT_TARGET = 15.0;
        MARKETING_VERSION = 1.0;
        PRODUCT_BUNDLE_IDENTIFIER = "com.example.fitnesstracker.Tests";
        PRODUCT_NAME = "$(TARGET_NAME)";
        SDKROOT = iphoneos;
        SUPPORTED_PLATFORMS = "iphoneos iphonesimulator";
        SUPPORTS_MACCATALYST = NO;
        SUPPORTS_MAC_DESIGNED_FOR_IPHONE_IPAD = NO;
        SWIFT_EMIT_LOC_STRINGS = NO;
        SWIFT_VERSION = 5.0;
        TARGETED_DEVICE_FAMILY = "1,2";
        TEST_HOST = "$(BUILT_PRODUCTS_DIR)/FitnessTracker.app/$(BUNDLE_EXECUTABLE_FOLDER_PATH)/FitnessTracker";
        VALIDATE_PRODUCT = YES;
      };
      name = Release;
    };
    10BAF59E4368C72D /* Debug */ = {
      isa = XCBuildConfiguration;
      buildSettings = {
        CODE_SIGN_STYLE = Automatic;
        CURRENT_PROJECT_VERSION = 1;
        GENERATE_INFOPLIST_FILE = YES;
        MARKETING_VERSION = 1.0;
        PRODUCT_BUNDLE_IDENTIFIER = "com.example.fitnesstracker.UITests";
        PRODUCT_NAME = "$(TARGET_NAME)";
        SDKROOT = iphoneos;
        SUPPORTED_PLATFORMS = "iphoneos iphonesimulator";
        SUPPORTS_MACCATALYST = NO;
        SUPPORTS_MAC_DESIGNED_FOR_IPHONE_IPAD = NO;
        SWIFT_EMIT_LOC_STRINGS = NO;
        SWIFT_VERSION = 5.0;
        TARGETED_DEVICE_FAMILY = "1,2";
        TEST_TARGET_NAME = FitnessTracker;
      };
      name = Debug;
    };
    7A109384CE2BFD65 /* Release */ = {
      isa = XCBuildConfiguration;
      buildSettings = {
        CODE_SIGN_STYLE = Automatic;
        CURRENT_PROJECT_VERSION = 1;
        GENERATE_INFOPLIST_FILE = YES;
        MARKETING_VERSION = 1.0;
        PRODUCT_BUNDLE_IDENTIFIER = "com.example.fitnesstracker.UITests";
        PRODUCT_NAME = "$(TARGET_NAME)";
        SDKROOT = iphoneos;
        SUPPORTED_PLATFORMS = "iphoneos iphonesimulator";
        SUPPORTS_MACCATALYST = NO;
        SUPPORTS_MAC_DESIGNED_FOR_IPHONE_IPAD = NO;
        SWIFT_EMIT_LOC_STRINGS = NO;
        SWIFT_VERSION = 5.0;
        TARGETED_DEVICE_FAMILY = "1,2";
        TEST_TARGET_NAME = FitnessTracker;
        VALIDATE_PRODUCT = YES;
      };
      name = Release;
    };
    /* End XCBuildConfiguration section */

    /* Begin XCConfigurationList section */
    75A204C3B6F918DE /* Build configuration list for PBXProject "FitnessTracker" */ = {
      isa = XCConfigurationList;
      buildConfigurations = (
        07189AE6DB5C42F3 /* Debug */,
        4085F2BA9E76D13C /* Release */
      );
      defaultConfigurationIsVisible = 0;
      defaultConfigurationName = Release;
    };
    584F72BD1C39E06A /* Build configuration list for PBXNativeTarget "FitnessTracker" */ = {
      isa = XCConfigurationList;
      buildConfigurations = (
        07189AE6DB5C42F3 /* Debug */,
        4085F2BA9E76D13C /* Release */
      );
      defaultConfigurationIsVisible = 0;
      defaultConfigurationName = Release;
    };
    695237D48B1AFE0C /* Build configuration list for PBXNativeTarget "FitnessTrackerTests" */ = {
      isa = XCConfigurationList;
      buildConfigurations = (
        43C2F10BDA8567E9 /* Debug */,
        0129EB5C7D3468AF /* Release */
      );
      defaultConfigurationIsVisible = 0;
      defaultConfigurationName = Release;
    };
    D90B7AC5F146E283 /* Build configuration list for PBXNativeTarget "FitnessTrackerUITests" */ = {
      isa = XCConfigurationList;
      buildConfigurations = (
        10BAF59E4368C72D /* Debug */,
        7A109384CE2BFD65 /* Release */
      );
      defaultConfigurationIsVisible = 0;
      defaultConfigurationName = Release;
    };
    /* End XCConfigurationList section */

  };
  rootObject = 3271F6A8D0C9BE54 /* Project object */;
}
